
Microsoft Visual Studio Solution File, Format Version 12.00
# Visual Studio 15
VisualStudioVersion = 15.0.27428.2043
MinimumVisualStudioVersion = 10.0.40219.1
Project("{FAE04EC0-301F-11D3-BF4B-00C04F79EFBC}") = "App2", "App2\App2.csproj", "{DE14A95A-4155-4470-BFB5-B47535A4A9CD}"
EndProject
Global
	GlobalSection(SolutionConfigurationPlatforms) = preSolution
		Debug|ARM = Debug|ARM
		Debug|x64 = Debug|x64
		Debug|x86 = Debug|x86
		Release|ARM = Release|ARM
		Release|x64 = Release|x64
		Release|x86 = Release|x86
	EndGlobalSection
	GlobalSection(ProjectConfigurationPlatforms) = postSolution
		{DE14A95A-4155-4470-BFB5-B47535A4A9CD}.Debug|ARM.ActiveCfg = Debug|ARM
		{DE14A95A-4155-4470-BFB5-B47535A4A9CD}.Debug|ARM.Build.0 = Debug|ARM
		{DE14A95A-4155-4470-BFB5-B47535A4A9CD}.Debug|ARM.Deploy.0 = Debug|ARM
		{DE14A95A-4155-4470-BFB5-B47535A4A9CD}.Debug|x64.ActiveCfg = Debug|x64
		{DE14A95A-4155-4470-BFB5-B47535A4A9CD}.Debug|x64.Build.0 = Debug|x64
		{DE14A95A-4155-4470-BFB5-B47535A4A9CD}.Debug|x64.Deploy.0 = Debug|x64
		{DE14A95A-4155-4470-BFB5-B47535A4A9CD}.Debug|x86.ActiveCfg = Debug|x86
		{DE14A95A-4155-4470-BFB5-B47535A4A9CD}.Debug|x86.Build.0 = Debug|x86
		{DE14A95A-4155-4470-BFB5-B47535A4A9CD}.Debug|x86.Deploy.0 = Debug|x86
		{DE14A95A-4155-4470-BFB5-B47535A4A9CD}.Release|ARM.ActiveCfg = Release|ARM
		{DE14A95A-4155-4470-BFB5-B47535A4A9CD}.Release|ARM.Build.0 = Release|ARM
		{DE14A95A-4155-4470-BFB5-B47535A4A9CD}.Release|ARM.Deploy.0 = Release|ARM
		{DE14A95A-4155-4470-BFB5-B47535A4A9CD}.Release|x64.ActiveCfg = Release|x64
		{DE14A95A-4155-4470-BFB5-B47535A4A9CD}.Release|x64.Build.0 = Release|x64
		{DE14A95A-4155-4470-BFB5-B47535A4A9CD}.Release|x64.Deploy.0 = Release|x64
		{DE14A95A-4155-4470-BFB5-B47535A4A9CD}.Release|x86.ActiveCfg = Release|x86
		{DE14A95A-4155-4470-BFB5-B47535A4A9CD}.Release|x86.Build.0 = Release|x86
		{DE14A95A-4155-4470-BFB5-B47535A4A9CD}.Release|x86.Deploy.0 = Release|x86
	EndGlobalSection
	GlobalSection(SolutionProperties) = preSolution
		HideSolutionNode = FALSE
	EndGlobalSection
	GlobalSection(ExtensibilityGlobals) = postSolution
		SolutionGuid = {43FD64C2-833D-4FE8-BF4E-3178A0AF4825}
	EndGlobalSection
EndGlobal
